<?xml version="1.0" encoding="utf-8"?>
<Project ToolsVersion="4.0" xmlns="http://schemas.microsoft.com/developer/msbuild/2003">
  <ItemGroup>
    <Filter Include="Generated Files">
      <UniqueIdentifier>{71ED8ED8-ACB9-4CE9-BBE1-E00B30144E11}</UniqueIdentifier>
      <Extensions>cpp;c;cxx;moc;h;def;odl;idl;res;</Extensions>
    </Filter>
    <Filter Include="Generated Files">
      <UniqueIdentifier>{71ED8ED8-ACB9-4CE9-BBE1-E00B30144E11}</UniqueIdentifier>
      <Extensions>cpp;c;cxx;moc;h;def;odl;idl;res;</Extensions>
    </Filter>
    <Filter Include="Header Files">
      <UniqueIdentifier>{93995380-89BD-4b04-88EB-625FBE52EBFB}</UniqueIdentifier>
      <Extensions>h;hpp;hxx;hm;inl;inc;xsd</Extensions>
    </Filter>
    <Filter Include="Header Files">
      <UniqueIdentifier>{93995380-89BD-4b04-88EB-625FBE52EBFB}</UniqueIdentifier>
      <Extensions>h;hpp;hxx;hm;inl;inc;xsd</Extensions>
    </Filter>
    <Filter Include="Source Files">
      <UniqueIdentifier>{4FC737F1-C7A5-4376-A066-2A32D752A2FF}</UniqueIdentifier>
      <Extensions>cpp;c;cxx;def;odl;idl;hpj;bat;asm;asmx</Extensions>
    </Filter>
    <Filter Include="Source Files">
      <UniqueIdentifier>{4FC737F1-C7A5-4376-A066-2A32D752A2FF}</UniqueIdentifier>
      <Extensions>cpp;c;cxx;def;odl;idl;hpj;bat;asm;asmx</Extensions>
    </Filter>
  </ItemGroup>
  <ItemGroup>
    <ClCompile Include="alarmdev.cpp">
      <Filter>Source Files</Filter>
    </ClCompile>
    <ClCompile Include="cmd.cpp">
      <Filter>Source Files</Filter>
    </ClCompile>
    <ClCompile Include="cmdbuffer.cpp">
      <Filter>Source Files</Filter>
    </ClCompile>
    <ClCompile Include="cmdfactory.cpp">
      <Filter>Source Files</Filter>
    </ClCompile>
    <ClCompile Include="cmdrunnable.cpp">
      <Filter>Source Files</Filter>
    </ClCompile>
    <ClCompile Include="cmdtranslator.cpp">
      <Filter>Source Files</Filter>
    </ClCompile>
    <ClCompile Include="crc16.cpp">
      <Filter>Source Files</Filter>
    </ClCompile>
    <ClCompile Include="devcmdrecv.cpp">
      <Filter>Source Files</Filter>
    </ClCompile>
    <ClCompile Include="httphandler.cpp">
      <Filter>Source Files</Filter>
    </ClCompile>
    <ClCompile Include="icmdhandler.cpp">
      <Filter>Source Files</Filter>
    </ClCompile>
    <ClCompile Include="icmdtranslator.cpp">
      <Filter>Source Files</Filter>
    </ClCompile>
    <ClCompile Include="main.cpp">
      <Filter>Source Files</Filter>
    </ClCompile>
    <ClCompile Include="nochangetranslator.cpp">
      <Filter>Source Files</Filter>
    </ClCompile>
    <ClCompile Include="phonecmdrecv.cpp">
      <Filter>Source Files</Filter>
    </ClCompile>
    <ClCompile Include="platformcmdrecv.cpp">
      <Filter>Source Files</Filter>
    </ClCompile>
    <ClCompile Include="platformtodevhandler.cpp">
      <Filter>Source Files</Filter>
    </ClCompile>
    <ClCompile Include="platformtranslator.cpp">
      <Filter>Source Files</Filter>
    </ClCompile>
    <ClCompile Include="recvthread.cpp">
      <Filter>Source Files</Filter>
    </ClCompile>
    <ClCompile Include="replytodevtranslator.cpp">
      <Filter>Source Files</Filter>
    </ClCompile>
    <ClCompile Include="tcpappcmdrecv.cpp">
      <Filter>Source Files</Filter>
    </ClCompile>
    <ClCompile Include="tcpcmdfactory.cpp">
      <Filter>Source Files</Filter>
    </ClCompile>
    <ClCompile Include="tcpcmdrecv.cpp">
      <Filter>Source Files</Filter>
    </ClCompile>
    <ClCompile Include="tcpdevcmdrecv.cpp">
      <Filter>Source Files</Filter>
    </ClCompile>
    <ClCompile Include="tcphandler.cpp">
      <Filter>Source Files</Filter>
    </ClCompile>
    <ClCompile Include="tcpserver.cpp">
      <Filter>Source Files</Filter>
    </ClCompile>
    <ClCompile Include="tcpsocket.cpp">
      <Filter>Source Files</Filter>
    </ClCompile>
    <ClCompile Include="tcpthread.cpp">
      <Filter>Source Files</Filter>
    </ClCompile>
    <ClCompile Include="timerthread.cpp">
      <Filter>Source Files</Filter>
    </ClCompile>
    <ClCompile Include="udpcmdrecv.cpp">
      <Filter>Source Files</Filter>
    </ClCompile>
    <ClCompile Include="utils.cpp">
      <Filter>Source Files</Filter>
    </ClCompile>
    <ClCompile Include="cmdrecv.cpp">
      <Filter>Source Files</Filter>
    </ClCompile>
    <ClCompile Include="icmdrecv.cpp">
      <Filter>Source Files</Filter>
    </ClCompile>
  </ItemGroup>
  <ItemGroup>
    <ClInclude Include="alarmdev.h">
      <Filter>Header Files</Filter>
    </ClInclude>
    <ClInclude Include="cmd.h">
      <Filter>Header Files</Filter>
    </ClInclude>
    <ClInclude Include="cmdbuffer.h">
      <Filter>Header Files</Filter>
    </ClInclude>
    <ClInclude Include="cmdfactory.h">
      <Filter>Header Files</Filter>
    </ClInclude>
    <ClInclude Include="cmdrecv.h">
      <Filter>Header Files</Filter>
    </ClInclude>
    <ClInclude Include="cmdrunnable.h">
      <Filter>Header Files</Filter>
    </ClInclude>
    <ClInclude Include="cmdtranslator.h">
      <Filter>Header Files</Filter>
    </ClInclude>
    <ClInclude Include="const.h">
      <Filter>Header Files</Filter>
    </ClInclude>
    <ClInclude Include="crc16.h">
      <Filter>Header Files</Filter>
    </ClInclude>
    <ClInclude Include="devcmdrecv.h">
      <Filter>Header Files</Filter>
    </ClInclude>
    <ClInclude Include="httphandler.h">
      <Filter>Header Files</Filter>
    </ClInclude>
    <ClInclude Include="icmdhandler.h">
      <Filter>Header Files</Filter>
    </ClInclude>
    <ClInclude Include="icmdrecv.h">
      <Filter>Header Files</Filter>
    </ClInclude>
    <ClInclude Include="icmdtranslator.h">
      <Filter>Header Files</Filter>
    </ClInclude>
    <ClInclude Include="nochangetranslator.h">
      <Filter>Header Files</Filter>
    </ClInclude>
    <ClInclude Include="phonecmdrecv.h">
      <Filter>Header Files</Filter>
    </ClInclude>
    <ClInclude Include="platformcmdrecv.h">
      <Filter>Header Files</Filter>
    </ClInclude>
    <ClInclude Include="platformtodevhandler.h">
      <Filter>Header Files</Filter>
    </ClInclude>
    <ClInclude Include="platformtranslator.h">
      <Filter>Header Files</Filter>
    </ClInclude>
    <ClInclude Include="recvthread.h">
      <Filter>Header Files</Filter>
    </ClInclude>
    <ClInclude Include="replytodevtranslator.h">
      <Filter>Header Files</Filter>
    </ClInclude>
    <ClInclude Include="tcpappcmdrecv.h">
      <Filter>Header Files</Filter>
    </ClInclude>
    <ClInclude Include="tcpcmdfactory.h">
      <Filter>Header Files</Filter>
    </ClInclude>
    <ClInclude Include="tcpcmdrecv.h">
      <Filter>Header Files</Filter>
    </ClInclude>
    <ClInclude Include="tcpdevcmdrecv.h">
      <Filter>Header Files</Filter>
    </ClInclude>
    <CustomBuild Include="tcphandler.h">
      <Filter>Header Files</Filter>
    </CustomBuild>
    <CustomBuild Include="tcpserver.h">
      <Filter>Header Files</Filter>
    </CustomBuild>
    <CustomBuild Include="tcpsocket.h">
      <Filter>Header Files</Filter>
    </CustomBuild>
    <CustomBuild Include="tcpthread.h">
      <Filter>Header Files</Filter>
    </CustomBuild>
    <ClInclude Include="timerthread.h">
      <Filter>Header Files</Filter>
    </ClInclude>
    <ClInclude Include="udpcmdrecv.h">
      <Filter>Header Files</Filter>
    </ClInclude>
    <ClInclude Include="utils.h">
      <Filter>Header Files</Filter>
    </ClInclude>
  </ItemGroup>
  <ItemGroup>
    <ClCompile Include="debug\moc_tcphandler.cpp">
      <Filter>Generated Files</Filter>
    </ClCompile>
    <ClCompile Include="release\moc_tcphandler.cpp">
      <Filter>Generated Files</Filter>
    </ClCompile>
    <ClCompile Include="debug\moc_tcpserver.cpp">
      <Filter>Generated Files</Filter>
    </ClCompile>
    <ClCompile Include="release\moc_tcpserver.cpp">
      <Filter>Generated Files</Filter>
    </ClCompile>
    <ClCompile Include="debug\moc_tcpsocket.cpp">
      <Filter>Generated Files</Filter>
    </ClCompile>
    <ClCompile Include="release\moc_tcpsocket.cpp">
      <Filter>Generated Files</Filter>
    </ClCompile>
    <ClCompile Include="debug\moc_tcpthread.cpp">
      <Filter>Generated Files</Filter>
    </ClCompile>
    <ClCompile Include="release\moc_tcpthread.cpp">
      <Filter>Generated Files</Filter>
    </ClCompile>
  </ItemGroup>
  <ItemGroup>
    <None Include="ClassDiagram1.cd" />
  </ItemGroup>
</Project>